
Microsoft Visual Studio Solution File, Format Version 11.00
# Visual Studio 2010
Project("{FAE04EC0-301F-11D3-BF4B-00C04F79EFBC}") = "ExemplosWebAspNetWebApplication", "ExemplosWebAspNetWebApplication\ExemplosWebAspNetWebApplication.csproj", "{BF86CD80-5BD9-4A17-A5B0-C9E891814BCC}"
EndProject
Global
	GlobalSection(SolutionConfigurationPlatforms) = preSolution
		Debug|Any CPU = Debug|Any CPU
		Release|Any CPU = Release|Any CPU
	EndGlobalSection
	GlobalSection(ProjectConfigurationPlatforms) = postSolution
		{BF86CD80-5BD9-4A17-A5B0-C9E891814BCC}.Debug|Any CPU.ActiveCfg = Debug|Any CPU
		{BF86CD80-5BD9-4A17-A5B0-C9E891814BCC}.Debug|Any CPU.Build.0 = Debug|Any CPU
		{BF86CD80-5BD9-4A17-A5B0-C9E891814BCC}.Release|Any CPU.ActiveCfg = Release|Any CPU
		{BF86CD80-5BD9-4A17-A5B0-C9E891814BCC}.Release|Any CPU.Build.0 = Release|Any CPU
	EndGlobalSection
	GlobalSection(SolutionProperties) = preSolution
		HideSolutionNode = FALSE
	EndGlobalSection
EndGlobal
